PODS:
  - mobile-mediainfo (19.09)
  - NewPopMenu (2.1.2)
  - Toast-Swift (3.0.1)
  - TPInAppReceipt (2.3.4)

DEPENDENCIES:
  - mobile-mediainfo (from `../`)
  - NewPopMenu (~> 2.1.2)
  - Toast-Swift (~> 3.0.1)
  - TPInAppReceipt

SPEC REPOS:
  trunk:
    - NewPopMenu
    - Toast-Swift
    - TPInAppReceipt

EXTERNAL SOURCES:
  mobile-mediainfo:
    :path: "../"

SPEC CHECKSUMS:
  mobile-mediainfo: d9db238454d01c51029545355cfcdc84a5b276a3
  NewPopMenu: c6129e08e8192f6257ceb5f9a4357e1b59c6e2e7
  Toast-Swift: ba0b01b095aada709d915f9beb1d38184a2721c3
  TPInAppReceipt: 00fbe75283ae359f2242b2c8718cdaffb615bd65

PODFILE CHECKSUM: f0b296c7e17c9bbf43efa775c22b60b2ee5c9d8d

COCOAPODS: 1.11.3
